// !$*UTF8*$!
{
	archiveVersion = 1;
	classes = {
	};
	objectVersion = 46;
	objects = {

/* Begin PBXBuildFile section */
		2E2869CF1967173800EEB76B /* AppDelegate.swift in Sources */ = {isa = PBXBuildFile; fileRef = 2E2869CE1967173800EEB76B /* AppDelegate.swift */; };
		2E2869D11967173800EEB76B /* GameScene.sks in Resources */ = {isa = PBXBuildFile; fileRef = 2E2869D01967173800EEB76B /* GameScene.sks */; };
		2E2869D31967173800EEB76B /* GameScene.swift in Sources */ = {isa = PBXBuildFile; fileRef = 2E2869D21967173800EEB76B /* GameScene.swift */; };
		2E2869D51967173800EEB76B /* GameViewController.swift in Sources */ = {isa = PBXBuildFile; fileRef = 2E2869D41967173800EEB76B /* GameViewController.swift */; };
		2E2869D81967173800EEB76B /* Main.storyboard in Resources */ = {isa = PBXBuildFile; fileRef = 2E2869D61967173800EEB76B /* Main.storyboard */; };
		2E2869DA1967173800EEB76B /* Images.xcassets in Resources */ = {isa = PBXBuildFile; fileRef = 2E2869D91967173800EEB76B /* Images.xcassets */; };
		2E2869E61967173800EEB76B /* RGBArtiOSTests.swift in Sources */ = {isa = PBXBuildFile; fileRef = 2E2869E51967173800EEB76B /* RGBArtiOSTests.swift */; };
/* End PBXBuildFile section */

/* Begin PBXContainerItemProxy section */
		2E2869E01967173800EEB76B /* PBXContainerItemProxy */ = {
			isa = PBXContainerItemProxy;
			containerPortal = 2E2869C11967173800EEB76B /* Project object */;
			proxyType = 1;
			remoteGlobalIDString = 2E2869C81967173800EEB76B;
			remoteInfo = RGBArtiOS;
		};
/* End PBXContainerItemProxy section */

/* Begin PBXFileReference section */
		2E2869C91967173800EEB76B /* RGBArtiOS.app */ = {isa = PBXFileReference; explicitFileType = wrapper.application; includeInIndex = 0; path = RGBArtiOS.app; sourceTree = BUILT_PRODUCTS_DIR; };
		2E2869CD1967173800EEB76B /* Info.plist */ = {isa = PBXFileReference; lastKnownFileType = text.plist.xml; path = Info.plist; sourceTree = "<group>"; };
		2E2869CE1967173800EEB76B /* AppDelegate.swift */ = {isa = PBXFileReference; lastKnownFileType = sourcecode.swift; path = AppDelegate.swift; sourceTree = "<group>"; };
		2E2869D01967173800EEB76B /* GameScene.sks */ = {isa = PBXFileReference; lastKnownFileType = file.sks; path = GameScene.sks; sourceTree = "<group>"; };
		2E2869D21967173800EEB76B /* GameScene.swift */ = {isa = PBXFileReference; lastKnownFileType = sourcecode.swift; path = GameScene.swift; sourceTree = "<group>"; };
		2E2869D41967173800EEB76B /* GameViewController.swift */ = {isa = PBXFileReference; lastKnownFileType = sourcecode.swift; path = GameViewController.swift; sourceTree = "<group>"; };
		2E2869D71967173800EEB76B /* Base */ = {isa = PBXFileReference; lastKnownFileType = file.storyboard; name = Base; path = Base.lproj/Main.storyboard; sourceTree = "<group>"; };
		2E2869D91967173800EEB76B /* Images.xcassets */ = {isa = PBXFileReference; lastKnownFileType = folder.assetcatalog; path = Images.xcassets; sourceTree = "<group>"; };
		2E2869DF1967173800EEB76B /* RGBArtiOSTests.xctest */ = {isa = PBXFileReference; explicitFileType = wrapper.cfbundle; includeInIndex = 0; path = RGBArtiOSTests.xctest; sourceTree = BUILT_PRODUCTS_DIR; };
		2E2869E41967173800EEB76B /* Info.plist */ = {isa = PBXFileReference; lastKnownFileType = text.plist.xml; path = Info.plist; sourceTree = "<group>"; };
		2E2869E51967173800EEB76B /* RGBArtiOSTests.swift */ = {isa = PBXFileReference; lastKnownFileType = sourcecode.swift; path = RGBArtiOSTests.swift; sourceTree = "<group>"; };
/* End PBXFileReference section */

/* Begin PBXFrameworksBuildPhase section */
		2E2869C61967173800EEB76B /* Frameworks */ = {
			isa = PBXFrameworksBuildPhase;
			buildActionMask = 2147483647;
			files = (
			);
			runOnlyForDeploymentPostprocessing = 0;
		};
		2E2869DC1967173800EEB76B /* Frameworks */ = {
			isa = PBXFrameworksBuildPhase;
			buildActionMask = 2147483647;
			files = (
			);
			runOnlyForDeploymentPostprocessing = 0;
		};
/* End PBXFrameworksBuildPhase section */

/* Begin PBXGroup section */
		2E2869C01967173800EEB76B = {
			isa = PBXGroup;
			children = (
				2E2869CB1967173800EEB76B /* RGBArtiOS */,
				2E2869E21967173800EEB76B /* RGBArtiOSTests */,
				2E2869CA1967173800EEB76B /* Products */,
			);
			sourceTree = "<group>";
		};
		2E2869CA1967173800EEB76B /* Products */ = {
			isa = PBXGroup;
			children = (
				2E2869C91967173800EEB76B /* RGBArtiOS.app */,
				2E2869DF1967173800EEB76B /* RGBArtiOSTests.xctest */,
			);
			name = Products;
			sourceTree = "<group>";
		};
		2E2869CB1967173800EEB76B /* RGBArtiOS */ = {
			isa = PBXGroup;
			children = (
				2E2869CE1967173800EEB76B /* AppDelegate.swift */,
				2E2869D01967173800EEB76B /* GameScene.sks */,
				2E2869D21967173800EEB76B /* GameScene.swift */,
				2E2869D41967173800EEB76B /* GameViewController.swift */,
				2E2869D61967173800EEB76B /* Main.storyboard */,
				2E2869D91967173800EEB76B /* Images.xcassets */,
				2E2869CC1967173800EEB76B /* Supporting Files */,
			);
			path = RGBArtiOS;
			sourceTree = "<group>";
		};
		2E2869CC1967173800EEB76B /* Supporting Files */ = {
			isa = PBXGroup;
			children = (
				2E2869CD1967173800EEB76B /* Info.plist */,
			);
			name = "Supporting Files";
			sourceTree = "<group>";
		};
		2E2869E21967173800EEB76B /* RGBArtiOSTests */ = {
			isa = PBXGroup;
			children = (
				2E2869E51967173800EEB76B /* RGBArtiOSTests.swift */,
				2E2869E31967173800EEB76B /* Supporting Files */,
			);
			path = RGBArtiOSTests;
			sourceTree = "<group>";
		};
		2E2869E31967173800EEB76B /* Supporting Files */ = {
			isa = PBXGroup;
			children = (
				2E2869E41967173800EEB76B /* Info.plist */,
			);
			name = "Supporting Files";
			sourceTree = "<group>";
		};
/* End PBXGroup section */

/* Begin PBXNativeTarget section */
		2E2869C81967173800EEB76B /* RGBArtiOS */ = {
			isa = PBXNativeTarget;
			buildConfigurationList = 2E2869E91967173800EEB76B /* Build configuration list for PBXNativeTarget "RGBArtiOS" */;
			buildPhases = (
				2E2869C51967173800EEB76B /* Sources */,
				2E2869C61967173800EEB76B /* Frameworks */,
				2E2869C71967173800EEB76B /* Resources */,
			);
			buildRules = (
			);
			dependencies = (
			);
			name = RGBArtiOS;
			productName = RGBArtiOS;
			productReference = 2E2869C91967173800EEB76B /* RGBArtiOS.app */;
			productType = "com.apple.product-type.application";
		};
		2E2869DE1967173800EEB76B /* RGBArtiOSTests */ = {
			isa = PBXNativeTarget;
			buildConfigurationList = 2E2869EC1967173800EEB76B /* Build configuration list for PBXNativeTarget "RGBArtiOSTests" */;
			buildPhases = (
				2E2869DB1967173800EEB76B /* Sources */,
				2E2869DC1967173800EEB76B /* Frameworks */,
				2E2869DD1967173800EEB76B /* Resources */,
			);
			buildRules = (
			);
			dependencies = (
				2E2869E11967173800EEB76B /* PBXTargetDependency */,
			);
			name = RGBArtiOSTests;
			productName = RGBArtiOSTests;
			productReference = 2E2869DF1967173800EEB76B /* RGBArtiOSTests.xctest */;
			productType = "com.apple.product-type.bundle.unit-test";
		};
/* End PBXNativeTarget section */

/* Begin PBXProject section */
		2E2869C11967173800EEB76B /* Project object */ = {
			isa = PBXProject;
			attributes = {
				LastUpgradeCheck = 0600;
				ORGANIZATIONNAME = "Raphael Stäbler";
				TargetAttributes = {
					2E2869C81967173800EEB76B = {
						CreatedOnToolsVersion = 6.0;
					};
					2E2869DE1967173800EEB76B = {
						CreatedOnToolsVersion = 6.0;
						TestTargetID = 2E2869C81967173800EEB76B;
					};
				};
			};
			buildConfigurationList = 2E2869C41967173800EEB76B /* Build configuration list for PBXProject "RGBArtiOS" */;
			compatibilityVersion = "Xcode 3.2";
			developmentRegion = English;
			hasScannedForEncodings = 0;
			knownRegions = (
				en,
				Base,
			);
			mainGroup = 2E2869C01967173800EEB76B;
			productRefGroup = 2E2869CA1967173800EEB76B /* Products */;
			projectDirPath = "";
			projectRoot = "";
			targets = (
				2E2869C81967173800EEB76B /* RGBArtiOS */,
				2E2869DE1967173800EEB76B /* RGBArtiOSTests */,
			);
		};
/* End PBXProject section */

/* Begin PBXResourcesBuildPhase section */
		2E2869C71967173800EEB76B /* Resources */ = {
			isa = PBXResourcesBuildPhase;
			buildActionMask = 2147483647;
			files = (
				2E2869DA1967173800EEB76B /* Images.xcassets in Resources */,
				2E2869D11967173800EEB76B /* GameScene.sks in Resources */,
				2E2869D81967173800EEB76B /* Main.storyboard in Resources */,
			);
			runOnlyForDeploymentPostprocessing = 0;
		};
		2E2869DD1967173800EEB76B /* Resources */ = {
			isa = PBXResourcesBuildPhase;
			buildActionMask = 2147483647;
			files = (
			);
			runOnlyForDeploymentPostprocessing = 0;
		};
/* End PBXResourcesBuildPhase section */

/* Begin PBXSourcesBuildPhase section */
		2E2869C51967173800EEB76B /* Sources */ = {
			isa = PBXSourcesBuildPhase;
			buildActionMask = 2147483647;
			files = (
				2E2869D31967173800EEB76B /* GameScene.swift in Sources */,
				2E2869D51967173800EEB76B /* GameViewController.swift in Sources */,
				2E2869CF1967173800EEB76B /* AppDelegate.swift in Sources */,
			);
			runOnlyForDeploymentPostprocessing = 0;
		};
		2E2869DB1967173800EEB76B /* Sources */ = {
			isa = PBXSourcesBuildPhase;
			buildActionMask = 2147483647;
			files = (
				2E2869E61967173800EEB76B /* RGBArtiOSTests.swift in Sources */,
			);
			runOnlyForDeploymentPostprocessing = 0;
		};
/* End PBXSourcesBuildPhase section */

/* Begin PBXTargetDependency section */
		2E2869E11967173800EEB76B /* PBXTargetDependency */ = {
			isa = PBXTargetDependency;
			target = 2E2869C81967173800EEB76B /* RGBArtiOS */;
			targetProxy = 2E2869E01967173800EEB76B /* PBXContainerItemProxy */;
		};
/* End PBXTargetDependency section */

/* Begin PBXVariantGroup section */
		2E2869D61967173800EEB76B /* Main.storyboard */ = {
			isa = PBXVariantGroup;
			children = (
				2E2869D71967173800EEB76B /* Base */,
			);
			name = Main.storyboard;
			sourceTree = "<group>";
		};
/* End PBXVariantGroup section */

/* Begin XCBuildConfiguration section */
		2E2869E71967173800EEB76B /* Debug */ = {
			isa = XCBuildConfiguration;
			buildSettings = {
				ALWAYS_SEARCH_USER_PATHS = NO;
				CLANG_CXX_LANGUAGE_STANDARD = "gnu++0x";
				CLANG_CXX_LIBRARY = "libc++";
				CLANG_ENABLE_MODULES = YES;
				CLANG_ENABLE_OBJC_ARC = YES;
				CLANG_WARN_BOOL_CONVERSION = YES;
				CLANG_WARN_CONSTANT_CONVERSION = YES;
				CLANG_WARN_DIRECT_OBJC_ISA_USAGE = YES_ERROR;
				CLANG_WARN_EMPTY_BODY = YES;
				CLANG_WARN_ENUM_CONVERSION = YES;
				CLANG_WARN_INT_CONVERSION = YES;
				CLANG_WARN_OBJC_ROOT_CLASS = YES_ERROR;
				CLANG_WARN_UNREACHABLE_CODE = YES;
				CLANG_WARN__DUPLICATE_METHOD_MATCH = YES;
				"CODE_SIGN_IDENTITY[sdk=iphoneos*]" = "iPhone Developer";
				COPY_PHASE_STRIP = NO;
				ENABLE_STRICT_OBJC_MSGSEND = YES;
				GCC_C_LANGUAGE_STANDARD = gnu99;
				GCC_DYNAMIC_NO_PIC = NO;
				GCC_OPTIMIZATION_LEVEL = 0;
				GCC_PREPROCESSOR_DEFINITIONS = (
					"DEBUG=1",
					"$(inherited)",
				);
				GCC_SYMBOLS_PRIVATE_EXTERN = NO;
				GCC_WARN_64_TO_32_BIT_CONVERSION = YES;
				GCC_WARN_ABOUT_RETURN_TYPE = YES_ERROR;
				GCC_WARN_UNDECLARED_SELECTOR = YES;
				GCC_WARN_UNINITIALIZED_AUTOS = YES_AGGRESSIVE;
				GCC_WARN_UNUSED_FUNCTION = YES;
				GCC_WARN_UNUSED_VARIABLE = YES;
				IPHONEOS_DEPLOYMENT_TARGET = 8.0;
				METAL_ENABLE_DEBUG_INFO = YES;
				ONLY_ACTIVE_ARCH = YES;
				SDKROOT = iphoneos;
				SWIFT_OPTIMIZATION_LEVEL = "-Onone";
			};
			name = Debug;
		};
		2E2869E81967173800EEB76B /* Release */ = {
			isa = XCBuildConfiguration;
			buildSettings = {
				ALWAYS_SEARCH_USER_PATHS = NO;
				CLANG_CXX_LANGUAGE_STANDARD = "gnu++0x";
				CLANG_CXX_LIBRARY = "libc++";
				CLANG_ENABLE_MODULES = YES;
				CLANG_ENABLE_OBJC_ARC = YES;
				CLANG_WARN_BOOL_CONVERSION = YES;
				CLANG_WARN_CONSTANT_CONVERSION = YES;
				CLANG_WARN_DIRECT_OBJC_ISA_USAGE = YES_ERROR;
				CLANG_WARN_EMPTY_BODY = YES;
				CLANG_WARN_ENUM_CONVERSION = YES;
				CLANG_WARN_INT_CONVERSION = YES;
				CLANG_WARN_OBJC_ROOT_CLASS = YES_ERROR;
				CLANG_WARN_UNREACHABLE_CODE = YES;
				CLANG_WARN__DUPLICATE_METHOD_MATCH = YES;
				"CODE_SIGN_IDENTITY[sdk=iphoneos*]" = "iPhone Developer";
				COPY_PHASE_STRIP = YES;
				ENABLE_NS_ASSERTIONS = NO;
				ENABLE_STRICT_OBJC_MSGSEND = YES;
				GCC_C_LANGUAGE_STANDARD = gnu99;
				GCC_WARN_64_TO_32_BIT_CONVERSION = YES;
				GCC_WARN_ABOUT_RETURN_TYPE = YES_ERROR;
				GCC_WARN_UNDECLARED_SELECTOR = YES;
				GCC_WARN_UNINITIALIZED_AUTOS = YES_AGGRESSIVE;
				GCC_WARN_UNUSED_FUNCTION = YES;
				GCC_WARN_UNUSED_VARIABLE = YES;
				IPHONEOS_DEPLOYMENT_TARGET = 8.0;
				METAL_ENABLE_DEBUG_INFO = NO;
				SDKROOT = iphoneos;
				VALIDATE_PRODUCT = YES;
			};
			name = Release;
		};
		2E2869EA1967173800EEB76B /* Debug */ = {
			isa = XCBuildConfiguration;
			buildSettings = {
				ASSETCATALOG_COMPILER_APPICON_NAME = AppIcon;
				ASSETCATALOG_COMPILER_LAUNCHIMAGE_NAME = LaunchImage;
				INFOPLIST_FILE = RGBArtiOS/Info.plist;
				LD_RUNPATH_SEARCH_PATHS = "$(inherited) @executable_path/Frameworks";
				PRODUCT_NAME = "$(TARGET_NAME)";
			};
			name = Debug;
		};
		2E2869EB1967173800EEB76B /* Release */ = {
			isa = XCBuildConfiguration;
			buildSettings = {
				ASSETCATALOG_COMPILER_APPICON_NAME = AppIcon;
				ASSETCATALOG_COMPILER_LAUNCHIMAGE_NAME = LaunchImage;
				INFOPLIST_FILE = RGBArtiOS/Info.plist;
				LD_RUNPATH_SEARCH_PATHS = "$(inherited) @executable_path/Frameworks";
				PRODUCT_NAME = "$(TARGET_NAME)";
			};
			name = Release;
		};
		2E2869ED1967173800EEB76B /* Debug */ = {
			isa = XCBuildConfiguration;
			buildSettings = {
				BUNDLE_LOADER = "$(BUILT_PRODUCTS_DIR)/RGBArtiOS.app/RGBArtiOS";
				FRAMEWORK_SEARCH_PATHS = (
					"$(SDKROOT)/Developer/Library/Frameworks",
					"$(inherited)",
				);
				GCC_PREPROCESSOR_DEFINITIONS = (
					"DEBUG=1",
					"$(inherited)",
				);
				INFOPLIST_FILE = RGBArtiOSTests/Info.plist;
				LD_RUNPATH_SEARCH_PATHS = "$(inherited) @executable_path/Frameworks @loader_path/Frameworks";
				METAL_ENABLE_DEBUG_INFO = YES;
				PRODUCT_NAME = "$(TARGET_NAME)";
				TEST_HOST = "$(BUNDLE_LOADER)";
			};
			name = Debug;
		};
		2E2869EE1967173800EEB76B /* Release */ = {
			isa = XCBuildConfiguration;
			buildSettings = {
				BUNDLE_LOADER = "$(BUILT_PRODUCTS_DIR)/RGBArtiOS.app/RGBArtiOS";
				FRAMEWORK_SEARCH_PATHS = (
					"$(SDKROOT)/Developer/Library/Frameworks",
					"$(inherited)",
				);
				INFOPLIST_FILE = RGBArtiOSTests/Info.plist;
				LD_RUNPATH_SEARCH_PATHS = "$(inherited) @executable_path/Frameworks @loader_path/Frameworks";
				METAL_ENABLE_DEBUG_INFO = NO;
				PRODUCT_NAME = "$(TARGET_NAME)";
				TEST_HOST = "$(BUNDLE_LOADER)";
			};
			name = Release;
		};
/* End XCBuildConfiguration section */

/* Begin XCConfigurationList section */
		2E2869C41967173800EEB76B /* Build configuration list for PBXProject "RGBArtiOS" */ = {
			isa = XCConfigurationList;
			buildConfigurations = (
				2E2869E71967173800EEB76B /* Debug */,
				2E2869E81967173800EEB76B /* Release */,
			);
			defaultConfigurationIsVisible = 0;
			defaultConfigurationName = Release;
		};
		2E2869E91967173800EEB76B /* Build configuration list for PBXNativeTarget "RGBArtiOS" */ = {
			isa = XCConfigurationList;
			buildConfigurations = (
				2E2869EA1967173800EEB76B /* Debug */,
				2E2869EB1967173800EEB76B /* Release */,
			);
			defaultConfigurationIsVisible = 0;
		};
		2E2869EC1967173800EEB76B /* Build configuration list for PBXNativeTarget "RGBArtiOSTests" */ = {
			isa = XCConfigurationList;
			buildConfigurations = (
				2E2869ED1967173800EEB76B /* Debug */,
				2E2869EE1967173800EEB76B /* Release */,
			);
			defaultConfigurationIsVisible = 0;
		};
/* End XCConfigurationList section */
	};
	rootObject = 2E2869C11967173800EEB76B /* Project object */;
}
